// !$*UTF8*$!
{
	archiveVersion = 1;
	classes = {
	};
	objectVersion = 50;
	objects = {

/* Begin PBXBuildFile section */
		2B81338321FD8E5400910033 /* UnsplashImages.swift in Sources */ = {isa = PBXBuildFile; fileRef = 2B81338221FD8E5400910033 /* UnsplashImages.swift */; };
		2B81338521FD90E900910033 /* Endpoint.swift in Sources */ = {isa = PBXBuildFile; fileRef = 2B81338421FD90E900910033 /* Endpoint.swift */; };
		2B81338721FD97FD00910033 /* APIClient.swift in Sources */ = {isa = PBXBuildFile; fileRef = 2B81338621FD97FD00910033 /* APIClient.swift */; };
		2B81338921FD981500910033 /* UnsplashClient.swift in Sources */ = {isa = PBXBuildFile; fileRef = 2B81338821FD981500910033 /* UnsplashClient.swift */; };
		2B81338C21FDA88000910033 /* ViewModel.swift in Sources */ = {isa = PBXBuildFile; fileRef = 2B81338B21FDA88000910033 /* ViewModel.swift */; };
		2BE732DD21ECC116002600CF /* AppDelegate.swift in Sources */ = {isa = PBXBuildFile; fileRef = 2BE732DC21ECC116002600CF /* AppDelegate.swift */; };
		2BE732DF21ECC116002600CF /* HomeVC.swift in Sources */ = {isa = PBXBuildFile; fileRef = 2BE732DE21ECC116002600CF /* HomeVC.swift */; };
		2BE732E221ECC116002600CF /* Main.storyboard in Resources */ = {isa = PBXBuildFile; fileRef = 2BE732E021ECC116002600CF /* Main.storyboard */; };
		2BE732E421ECC11A002600CF /* Assets.xcassets in Resources */ = {isa = PBXBuildFile; fileRef = 2BE732E321ECC11A002600CF /* Assets.xcassets */; };
		2BE732E721ECC11A002600CF /* LaunchScreen.storyboard in Resources */ = {isa = PBXBuildFile; fileRef = 2BE732E521ECC11A002600CF /* LaunchScreen.storyboard */; };
		2BE732EF21ECC87E002600CF /* PhotoCell.swift in Sources */ = {isa = PBXBuildFile; fileRef = 2BE732EE21ECC87E002600CF /* PhotoCell.swift */; };
		2BE732F121F0B98A002600CF /* PinterestLayout.swift in Sources */ = {isa = PBXBuildFile; fileRef = 2BE732F021F0B98A002600CF /* PinterestLayout.swift */; };
/* End PBXBuildFile section */

/* Begin PBXFileReference section */
		2B81338221FD8E5400910033 /* UnsplashImages.swift */ = {isa = PBXFileReference; lastKnownFileType = sourcecode.swift; path = UnsplashImages.swift; sourceTree = "<group>"; };
		2B81338421FD90E900910033 /* Endpoint.swift */ = {isa = PBXFileReference; lastKnownFileType = sourcecode.swift; path = Endpoint.swift; sourceTree = "<group>"; };
		2B81338621FD97FD00910033 /* APIClient.swift */ = {isa = PBXFileReference; lastKnownFileType = sourcecode.swift; path = APIClient.swift; sourceTree = "<group>"; };
		2B81338821FD981500910033 /* UnsplashClient.swift */ = {isa = PBXFileReference; lastKnownFileType = sourcecode.swift; path = UnsplashClient.swift; sourceTree = "<group>"; };
		2B81338B21FDA88000910033 /* ViewModel.swift */ = {isa = PBXFileReference; lastKnownFileType = sourcecode.swift; path = ViewModel.swift; sourceTree = "<group>"; };
		2BE732D921ECC116002600CF /* Pinterest.app */ = {isa = PBXFileReference; explicitFileType = wrapper.application; includeInIndex = 0; path = Pinterest.app; sourceTree = BUILT_PRODUCTS_DIR; };
		2BE732DC21ECC116002600CF /* AppDelegate.swift */ = {isa = PBXFileReference; lastKnownFileType = sourcecode.swift; path = AppDelegate.swift; sourceTree = "<group>"; };
		2BE732DE21ECC116002600CF /* HomeVC.swift */ = {isa = PBXFileReference; lastKnownFileType = sourcecode.swift; path = HomeVC.swift; sourceTree = "<group>"; };
		2BE732E121ECC116002600CF /* Base */ = {isa = PBXFileReference; lastKnownFileType = file.storyboard; name = Base; path = Base.lproj/Main.storyboard; sourceTree = "<group>"; };
		2BE732E321ECC11A002600CF /* Assets.xcassets */ = {isa = PBXFileReference; lastKnownFileType = folder.assetcatalog; path = Assets.xcassets; sourceTree = "<group>"; };
		2BE732E621ECC11A002600CF /* Base */ = {isa = PBXFileReference; lastKnownFileType = file.storyboard; name = Base; path = Base.lproj/LaunchScreen.storyboard; sourceTree = "<group>"; };
		2BE732E821ECC11A002600CF /* Info.plist */ = {isa = PBXFileReference; lastKnownFileType = text.plist.xml; path = Info.plist; sourceTree = "<group>"; };
		2BE732EE21ECC87E002600CF /* PhotoCell.swift */ = {isa = PBXFileReference; lastKnownFileType = sourcecode.swift; path = PhotoCell.swift; sourceTree = "<group>"; };
		2BE732F021F0B98A002600CF /* PinterestLayout.swift */ = {isa = PBXFileReference; lastKnownFileType = sourcecode.swift; path = PinterestLayout.swift; sourceTree = "<group>"; };
/* End PBXFileReference section */

/* Begin PBXFrameworksBuildPhase section */
		2BE732D621ECC116002600CF /* Frameworks */ = {
			isa = PBXFrameworksBuildPhase;
			buildActionMask = 2147483647;
			files = (
			);
			runOnlyForDeploymentPostprocessing = 0;
		};
/* End PBXFrameworksBuildPhase section */

/* Begin PBXGroup section */
		2B81338A21FDA85C00910033 /* ViewModel */ = {
			isa = PBXGroup;
			children = (
				2B81338B21FDA88000910033 /* ViewModel.swift */,
			);
			path = ViewModel;
			sourceTree = "<group>";
		};
		2B81338D21FDCD9900910033 /* Networking */ = {
			isa = PBXGroup;
			children = (
				2B81338221FD8E5400910033 /* UnsplashImages.swift */,
				2B81338421FD90E900910033 /* Endpoint.swift */,
				2B81338621FD97FD00910033 /* APIClient.swift */,
				2B81338821FD981500910033 /* UnsplashClient.swift */,
			);
			path = Networking;
			sourceTree = "<group>";
		};
		2B81338E21FDCDCF00910033 /* Views */ = {
			isa = PBXGroup;
			children = (
				2BE732EE21ECC87E002600CF /* PhotoCell.swift */,
				2BE732F021F0B98A002600CF /* PinterestLayout.swift */,
			);
			path = Views;
			sourceTree = "<group>";
		};
		2BE732D021ECC116002600CF = {
			isa = PBXGroup;
			children = (
				2BE732DB21ECC116002600CF /* Pinterest */,
				2BE732DA21ECC116002600CF /* Products */,
			);
			sourceTree = "<group>";
		};
		2BE732DA21ECC116002600CF /* Products */ = {
			isa = PBXGroup;
			children = (
				2BE732D921ECC116002600CF /* Pinterest.app */,
			);
			name = Products;
			sourceTree = "<group>";
		};
		2BE732DB21ECC116002600CF /* Pinterest */ = {
			isa = PBXGroup;
			children = (
				2B81338D21FDCD9900910033 /* Networking */,
				2B81338A21FDA85C00910033 /* ViewModel */,
				2B81338E21FDCDCF00910033 /* Views */,
				2BE732DC21ECC116002600CF /* AppDelegate.swift */,
				2BE732DE21ECC116002600CF /* HomeVC.swift */,
				2BE732E021ECC116002600CF /* Main.storyboard */,
				2BE732E321ECC11A002600CF /* Assets.xcassets */,
				2BE732E521ECC11A002600CF /* LaunchScreen.storyboard */,
				2BE732E821ECC11A002600CF /* Info.plist */,
			);
			path = Pinterest;
			sourceTree = "<group>";
		};
/* End PBXGroup section */

/* Begin PBXNativeTarget section */
		2BE732D821ECC116002600CF /* Pinterest */ = {
			isa = PBXNativeTarget;
			buildConfigurationList = 2BE732EB21ECC11A002600CF /* Build configuration list for PBXNativeTarget "Pinterest" */;
			buildPhases = (
				2BE732D521ECC116002600CF /* Sources */,
				2BE732D621ECC116002600CF /* Frameworks */,
				2BE732D721ECC116002600CF /* Resources */,
			);
			buildRules = (
			);
			dependencies = (
			);
			name = Pinterest;
			productName = Pinterest;
			productReference = 2BE732D921ECC116002600CF /* Pinterest.app */;
			productType = "com.apple.product-type.application";
		};
/* End PBXNativeTarget section */

/* Begin PBXProject section */
		2BE732D121ECC116002600CF /* Project object */ = {
			isa = PBXProject;
			attributes = {
				LastSwiftUpdateCheck = 1010;
				LastUpgradeCheck = 1010;
				ORGANIZATIONNAME = "Kunal Tyagi";
				TargetAttributes = {
					2BE732D821ECC116002600CF = {
						CreatedOnToolsVersion = 10.1;
					};
				};
			};
			buildConfigurationList = 2BE732D421ECC116002600CF /* Build configuration list for PBXProject "Pinterest" */;
			compatibilityVersion = "Xcode 9.3";
			developmentRegion = en;
			hasScannedForEncodings = 0;
			knownRegions = (
				en,
				Base,
			);
			mainGroup = 2BE732D021ECC116002600CF;
			productRefGroup = 2BE732DA21ECC116002600CF /* Products */;
			projectDirPath = "";
			projectRoot = "";
			targets = (
				2BE732D821ECC116002600CF /* Pinterest */,
			);
		};
/* End PBXProject section */

/* Begin PBXResourcesBuildPhase section */
		2BE732D721ECC116002600CF /* Resources */ = {
			isa = PBXResourcesBuildPhase;
			buildActionMask = 2147483647;
			files = (
				2BE732E721ECC11A002600CF /* LaunchScreen.storyboard in Resources */,
				2BE732E421ECC11A002600CF /* Assets.xcassets in Resources */,
				2BE732E221ECC116002600CF /* Main.storyboard in Resources */,
			);
			runOnlyForDeploymentPostprocessing = 0;
		};
/* End PBXResourcesBuildPhase section */

/* Begin PBXSourcesBuildPhase section */
		2BE732D521ECC116002600CF /* Sources */ = {
			isa = PBXSourcesBuildPhase;
			buildActionMask = 2147483647;
			files = (
				2B81338321FD8E5400910033 /* UnsplashImages.swift in Sources */,
				2B81338C21FDA88000910033 /* ViewModel.swift in Sources */,
				2B81338721FD97FD00910033 /* APIClient.swift in Sources */,
				2BE732F121F0B98A002600CF /* PinterestLayout.swift in Sources */,
				2BE732DF21ECC116002600CF /* HomeVC.swift in Sources */,
				2B81338921FD981500910033 /* UnsplashClient.swift in Sources */,
				2BE732EF21ECC87E002600CF /* PhotoCell.swift in Sources */,
				2B81338521FD90E900910033 /* Endpoint.swift in Sources */,
				2BE732DD21ECC116002600CF /* AppDelegate.swift in Sources */,
			);
			runOnlyForDeploymentPostprocessing = 0;
		};
/* End PBXSourcesBuildPhase section */

/* Begin PBXVariantGroup section */
		2BE732E021ECC116002600CF /* Main.storyboard */ = {
			isa = PBXVariantGroup;
			children = (
				2BE732E121ECC116002600CF /* Base */,
			);
			name = Main.storyboard;
			sourceTree = "<group>";
		};
		2BE732E521ECC11A002600CF /* LaunchScreen.storyboard */ = {
			isa = PBXVariantGroup;
			children = (
				2BE732E621ECC11A002600CF /* Base */,
			);
			name = LaunchScreen.storyboard;
			sourceTree = "<group>";
		};
/* End PBXVariantGroup section */

/* Begin XCBuildConfiguration section */
		2BE732E921ECC11A002600CF /* Debug */ = {
			isa = XCBuildConfiguration;
			buildSettings = {
				ALWAYS_SEARCH_USER_PATHS = NO;
				CLANG_ANALYZER_NONNULL = YES;
				CLANG_ANALYZER_NUMBER_OBJECT_CONVERSION = YES_AGGRESSIVE;
				CLANG_CXX_LANGUAGE_STANDARD = "gnu++14";
				CLANG_CXX_LIBRARY = "libc++";
				CLANG_ENABLE_MODULES = YES;
				CLANG_ENABLE_OBJC_ARC = YES;
				CLANG_ENABLE_OBJC_WEAK = YES;
				CLANG_WARN_BLOCK_CAPTURE_AUTORELEASING = YES;
				CLANG_WARN_BOOL_CONVERSION = YES;
				CLANG_WARN_COMMA = YES;
				CLANG_WARN_CONSTANT_CONVERSION = YES;
				CLANG_WARN_DEPRECATED_OBJC_IMPLEMENTATIONS = YES;
				CLANG_WARN_DIRECT_OBJC_ISA_USAGE = YES_ERROR;
				CLANG_WARN_DOCUMENTATION_COMMENTS = YES;
				CLANG_WARN_EMPTY_BODY = YES;
				CLANG_WARN_ENUM_CONVERSION = YES;
				CLANG_WARN_INFINITE_RECURSION = YES;
				CLANG_WARN_INT_CONVERSION = YES;
				CLANG_WARN_NON_LITERAL_NULL_CONVERSION = YES;
				CLANG_WARN_OBJC_IMPLICIT_RETAIN_SELF = YES;
				CLANG_WARN_OBJC_LITERAL_CONVERSION = YES;
				CLANG_WARN_OBJC_ROOT_CLASS = YES_ERROR;
				CLANG_WARN_RANGE_LOOP_ANALYSIS = YES;
				CLANG_WARN_STRICT_PROTOTYPES = YES;
				CLANG_WARN_SUSPICIOUS_MOVE = YES;
				CLANG_WARN_UNGUARDED_AVAILABILITY = YES_AGGRESSIVE;
				CLANG_WARN_UNREACHABLE_CODE = YES;
				CLANG_WARN__DUPLICATE_METHOD_MATCH = YES;
				CODE_SIGN_IDENTITY = "iPhone Developer";
				COPY_PHASE_STRIP = NO;
				DEBUG_INFORMATION_FORMAT = dwarf;
				ENABLE_STRICT_OBJC_MSGSEND = YES;
				ENABLE_TESTABILITY = YES;
				GCC_C_LANGUAGE_STANDARD = gnu11;
				GCC_DYNAMIC_NO_PIC = NO;
				GCC_NO_COMMON_BLOCKS = YES;
				GCC_OPTIMIZATION_LEVEL = 0;
				GCC_PREPROCESSOR_DEFINITIONS = (
					"DEBUG=1",
					"$(inherited)",
				);
				GCC_WARN_64_TO_32_BIT_CONVERSION = YES;
				GCC_WARN_ABOUT_RETURN_TYPE = YES_ERROR;
				GCC_WARN_UNDECLARED_SELECTOR = YES;
				GCC_WARN_UNINITIALIZED_AUTOS = YES_AGGRESSIVE;
				GCC_WARN_UNUSED_FUNCTION = YES;
				GCC_WARN_UNUSED_VARIABLE = YES;
				IPHONEOS_DEPLOYMENT_TARGET = 12.1;
				MTL_ENABLE_DEBUG_INFO = INCLUDE_SOURCE;
				MTL_FAST_MATH = YES;
				ONLY_ACTIVE_ARCH = YES;
				SDKROOT = iphoneos;
				SWIFT_ACTIVE_COMPILATION_CONDITIONS = DEBUG;
				SWIFT_OPTIMIZATION_LEVEL = "-Onone";
			};
			name = Debug;
		};
		2BE732EA21ECC11A002600CF /* Release */ = {
			isa = XCBuildConfiguration;
			buildSettings = {
				ALWAYS_SEARCH_USER_PATHS = NO;
				CLANG_ANALYZER_NONNULL = YES;
				CLANG_ANALYZER_NUMBER_OBJECT_CONVERSION = YES_AGGRESSIVE;
				CLANG_CXX_LANGUAGE_STANDARD = "gnu++14";
				CLANG_CXX_LIBRARY = "libc++";
				CLANG_ENABLE_MODULES = YES;
				CLANG_ENABLE_OBJC_ARC = YES;
				CLANG_ENABLE_OBJC_WEAK = YES;
				CLANG_WARN_BLOCK_CAPTURE_AUTORELEASING = YES;
				CLANG_WARN_BOOL_CONVERSION = YES;
				CLANG_WARN_COMMA = YES;
				CLANG_WARN_CONSTANT_CONVERSION = YES;
				CLANG_WARN_DEPRECATED_OBJC_IMPLEMENTATIONS = YES;
				CLANG_WARN_DIRECT_OBJC_ISA_USAGE = YES_ERROR;
				CLANG_WARN_DOCUMENTATION_COMMENTS = YES;
				CLANG_WARN_EMPTY_BODY = YES;
				CLANG_WARN_ENUM_CONVERSION = YES;
				CLANG_WARN_INFINITE_RECURSION = YES;
				CLANG_WARN_INT_CONVERSION = YES;
				CLANG_WARN_NON_LITERAL_NULL_CONVERSION = YES;
				CLANG_WARN_OBJC_IMPLICIT_RETAIN_SELF = YES;
				CLANG_WARN_OBJC_LITERAL_CONVERSION = YES;
				CLANG_WARN_OBJC_ROOT_CLASS = YES_ERROR;
				CLANG_WARN_RANGE_LOOP_ANALYSIS = YES;
				CLANG_WARN_STRICT_PROTOTYPES = YES;
				CLANG_WARN_SUSPICIOUS_MOVE = YES;
				CLANG_WARN_UNGUARDED_AVAILABILITY = YES_AGGRESSIVE;
				CLANG_WARN_UNREACHABLE_CODE = YES;
				CLANG_WARN__DUPLICATE_METHOD_MATCH = YES;
				CODE_SIGN_IDENTITY = "iPhone Developer";
				COPY_PHASE_STRIP = NO;
				DEBUG_INFORMATION_FORMAT = "dwarf-with-dsym";
				ENABLE_NS_ASSERTIONS = NO;
				ENABLE_STRICT_OBJC_MSGSEND = YES;
				GCC_C_LANGUAGE_STANDARD = gnu11;
				GCC_NO_COMMON_BLOCKS = YES;
				GCC_WARN_64_TO_32_BIT_CONVERSION = YES;
				GCC_WARN_ABOUT_RETURN_TYPE = YES_ERROR;
				GCC_WARN_UNDECLARED_SELECTOR = YES;
				GCC_WARN_UNINITIALIZED_AUTOS = YES_AGGRESSIVE;
				GCC_WARN_UNUSED_FUNCTION = YES;
				GCC_WARN_UNUSED_VARIABLE = YES;
				IPHONEOS_DEPLOYMENT_TARGET = 12.1;
				MTL_ENABLE_DEBUG_INFO = NO;
				MTL_FAST_MATH = YES;
				SDKROOT = iphoneos;
				SWIFT_COMPILATION_MODE = wholemodule;
				SWIFT_OPTIMIZATION_LEVEL = "-O";
				VALIDATE_PRODUCT = YES;
			};
			name = Release;
		};
		2BE732EC21ECC11A002600CF /* Debug */ = {
			isa = XCBuildConfiguration;
			buildSettings = {
				ASSETCATALOG_COMPILER_APPICON_NAME = AppIcon;
				CODE_SIGN_STYLE = Automatic;
				DEVELOPMENT_TEAM = KUZFMUE789;
				INFOPLIST_FILE = Pinterest/Info.plist;
				LD_RUNPATH_SEARCH_PATHS = (
					"$(inherited)",
					"@executable_path/Frameworks",
				);
				PRODUCT_BUNDLE_IDENTIFIER = com.kunaltyagi.Pinterest;
				PRODUCT_NAME = "$(TARGET_NAME)";
				SWIFT_VERSION = 4.2;
				TARGETED_DEVICE_FAMILY = "1,2";
			};
			name = Debug;
		};
		2BE732ED21ECC11A002600CF /* Release */ = {
			isa = XCBuildConfiguration;
			buildSettings = {
				ASSETCATALOG_COMPILER_APPICON_NAME = AppIcon;
				CODE_SIGN_STYLE = Automatic;
				DEVELOPMENT_TEAM = KUZFMUE789;
				INFOPLIST_FILE = Pinterest/Info.plist;
				LD_RUNPATH_SEARCH_PATHS = (
					"$(inherited)",
					"@executable_path/Frameworks",
				);
				PRODUCT_BUNDLE_IDENTIFIER = com.kunaltyagi.Pinterest;
				PRODUCT_NAME = "$(TARGET_NAME)";
				SWIFT_VERSION = 4.2;
				TARGETED_DEVICE_FAMILY = "1,2";
			};
			name = Release;
		};
/* End XCBuildConfiguration section */

/* Begin XCConfigurationList section */
		2BE732D421ECC116002600CF /* Build configuration list for PBXProject "Pinterest" */ = {
			isa = XCConfigurationList;
			buildConfigurations = (
				2BE732E921ECC11A002600CF /* Debug */,
				2BE732EA21ECC11A002600CF /* Release */,
			);
			defaultConfigurationIsVisible = 0;
			defaultConfigurationName = Release;
		};
		2BE732EB21ECC11A002600CF /* Build configuration list for PBXNativeTarget "Pinterest" */ = {
			isa = XCConfigurationList;
			buildConfigurations = (
				2BE732EC21ECC11A002600CF /* Debug */,
				2BE732ED21ECC11A002600CF /* Release */,
			);
			defaultConfigurationIsVisible = 0;
			defaultConfigurationName = Release;
		};
/* End XCConfigurationList section */
	};
	rootObject = 2BE732D121ECC116002600CF /* Project object */;
}
